{
  "originHash" : "10ad4694bcb409fb9c3ec72c2ab18a512e6d59d9758036bd10ac674e9fc529d2",
  "pins" : [
    {
      "identity" : "radar-sdk-ios",
      "kind" : "remoteSourceControl",
      "location" : "https://github.com/radarlabs/radar-sdk-ios.git",
      "state" : {
        "branch" : "kennyhu/fence-1912-better-abstraction-for-permissions-handling",
        "revision" : "46104276d6357bcfcb6fb5d9ffc02a930c08f3f3"
      }
    }
  ],
  "version" : 3
}
