{
  "originHash" : "beb7af804b9c3bdb75b63b220ee3676f01a75b52db0b8c2ed7a2742565b1e0b6",
  "pins" : [
    {
      "identity" : "radar-sdk-ios-spm",
      "kind" : "remoteSourceControl",
      "location" : "https://github.com/radarlabs/radar-sdk-ios-spm.git",
      "state" : {
        "revision" : "1621c9014266e04c1027d187eae13fb20d0bfa0b",
        "version" : "3.10.1"
      }
    }
  ],
  "version" : 3
}
