// !$*UTF8*$!
{
	archiveVersion = 1;
	classes = {
	};
	objectVersion = 56;
	objects = {

/* Begin PBXBuildFile section */
		E62446232BDBFE0600ECCCAD /* SPMExampleApp.swift in Sources */ = {isa = PBXBuildFile; fileRef = E62446222BDBFE0600ECCCAD /* SPMExampleApp.swift */; };
		E62446252BDBFE0600ECCCAD /* ContentView.swift in Sources */ = {isa = PBXBuildFile; fileRef = E62446242BDBFE0600ECCCAD /* ContentView.swift */; };
		E62446272BDBFE0800ECCCAD /* Assets.xcassets in Resources */ = {isa = PBXBuildFile; fileRef = E62446262BDBFE0800ECCCAD /* Assets.xcassets */; };
		E624462B2BDBFE0800ECCCAD /* Preview Assets.xcassets in Resources */ = {isa = PBXBuildFile; fileRef = E624462A2BDBFE0800ECCCAD /* Preview Assets.xcassets */; };
		E62446352BDBFE0800ECCCAD /* SPMExampleTests.swift in Sources */ = {isa = PBXBuildFile; fileRef = E62446342BDBFE0800ECCCAD /* SPMExampleTests.swift */; };
		E624463F2BDBFE0800ECCCAD /* SPMExampleUITests.swift in Sources */ = {isa = PBXBuildFile; fileRef = E624463E2BDBFE0800ECCCAD /* SPMExampleUITests.swift */; };
		E62446412BDBFE0800ECCCAD /* SPMExampleUITestsLaunchTests.swift in Sources */ = {isa = PBXBuildFile; fileRef = E62446402BDBFE0800ECCCAD /* SPMExampleUITestsLaunchTests.swift */; };
		E624465A2BEAC2AA00ECCCAD /* PermissionsManager.swift in Sources */ = {isa = PBXBuildFile; fileRef = E62446592BEAC2AA00ECCCAD /* PermissionsManager.swift */; };
		E62446AA2BED21F700ECCCAD /* RadarSDK in Frameworks */ = {isa = PBXBuildFile; productRef = E62446A92BED21F700ECCCAD /* RadarSDK */; };
/* End PBXBuildFile section */

/* Begin PBXContainerItemProxy section */
		E62446312BDBFE0800ECCCAD /* PBXContainerItemProxy */ = {
			isa = PBXContainerItemProxy;
			containerPortal = E62446172BDBFE0600ECCCAD /* Project object */;
			proxyType = 1;
			remoteGlobalIDString = E624461E2BDBFE0600ECCCAD;
			remoteInfo = SPMExample;
		};
		E624463B2BDBFE0800ECCCAD /* PBXContainerItemProxy */ = {
			isa = PBXContainerItemProxy;
			containerPortal = E62446172BDBFE0600ECCCAD /* Project object */;
			proxyType = 1;
			remoteGlobalIDString = E624461E2BDBFE0600ECCCAD;
			remoteInfo = SPMExample;
		};
/* End PBXContainerItemProxy section */

/* Begin PBXFileReference section */
		E624461F2BDBFE0600ECCCAD /* SPMExample.app */ = {isa = PBXFileReference; explicitFileType = wrapper.application; includeInIndex = 0; path = SPMExample.app; sourceTree = BUILT_PRODUCTS_DIR; };
		E62446222BDBFE0600ECCCAD /* SPMExampleApp.swift */ = {isa = PBXFileReference; lastKnownFileType = sourcecode.swift; path = SPMExampleApp.swift; sourceTree = "<group>"; };
		E62446242BDBFE0600ECCCAD /* ContentView.swift */ = {isa = PBXFileReference; lastKnownFileType = sourcecode.swift; path = ContentView.swift; sourceTree = "<group>"; };
		E62446262BDBFE0800ECCCAD /* Assets.xcassets */ = {isa = PBXFileReference; lastKnownFileType = folder.assetcatalog; path = Assets.xcassets; sourceTree = "<group>"; };
		E62446282BDBFE0800ECCCAD /* SPMExample.entitlements */ = {isa = PBXFileReference; lastKnownFileType = text.plist.entitlements; path = SPMExample.entitlements; sourceTree = "<group>"; };
		E624462A2BDBFE0800ECCCAD /* Preview Assets.xcassets */ = {isa = PBXFileReference; lastKnownFileType = folder.assetcatalog; path = "Preview Assets.xcassets"; sourceTree = "<group>"; };
		E62446302BDBFE0800ECCCAD /* SPMExampleTests.xctest */ = {isa = PBXFileReference; explicitFileType = wrapper.cfbundle; includeInIndex = 0; path = SPMExampleTests.xctest; sourceTree = BUILT_PRODUCTS_DIR; };
		E62446342BDBFE0800ECCCAD /* SPMExampleTests.swift */ = {isa = PBXFileReference; lastKnownFileType = sourcecode.swift; path = SPMExampleTests.swift; sourceTree = "<group>"; };
		E624463A2BDBFE0800ECCCAD /* SPMExampleUITests.xctest */ = {isa = PBXFileReference; explicitFileType = wrapper.cfbundle; includeInIndex = 0; path = SPMExampleUITests.xctest; sourceTree = BUILT_PRODUCTS_DIR; };
		E624463E2BDBFE0800ECCCAD /* SPMExampleUITests.swift */ = {isa = PBXFileReference; lastKnownFileType = sourcecode.swift; path = SPMExampleUITests.swift; sourceTree = "<group>"; };
		E62446402BDBFE0800ECCCAD /* SPMExampleUITestsLaunchTests.swift */ = {isa = PBXFileReference; lastKnownFileType = sourcecode.swift; path = SPMExampleUITestsLaunchTests.swift; sourceTree = "<group>"; };
		E62446592BEAC2AA00ECCCAD /* PermissionsManager.swift */ = {isa = PBXFileReference; lastKnownFileType = sourcecode.swift; path = PermissionsManager.swift; sourceTree = "<group>"; };
		E624465B2BEAC71900ECCCAD /* Info.plist */ = {isa = PBXFileReference; lastKnownFileType = text.plist; path = Info.plist; sourceTree = "<group>"; };
/* End PBXFileReference section */

/* Begin PBXFrameworksBuildPhase section */
		E624461C2BDBFE0600ECCCAD /* Frameworks */ = {
			isa = PBXFrameworksBuildPhase;
			buildActionMask = 2147483647;
			files = (
				E62446AA2BED21F700ECCCAD /* RadarSDK in Frameworks */,
			);
			runOnlyForDeploymentPostprocessing = 0;
		};
		E624462D2BDBFE0800ECCCAD /* Frameworks */ = {
			isa = PBXFrameworksBuildPhase;
			buildActionMask = 2147483647;
			files = (
			);
			runOnlyForDeploymentPostprocessing = 0;
		};
		E62446372BDBFE0800ECCCAD /* Frameworks */ = {
			isa = PBXFrameworksBuildPhase;
			buildActionMask = 2147483647;
			files = (
			);
			runOnlyForDeploymentPostprocessing = 0;
		};
/* End PBXFrameworksBuildPhase section */

/* Begin PBXGroup section */
		E62446162BDBFE0600ECCCAD = {
			isa = PBXGroup;
			children = (
				E62446212BDBFE0600ECCCAD /* SPMExample */,
				E62446332BDBFE0800ECCCAD /* SPMExampleTests */,
				E624463D2BDBFE0800ECCCAD /* SPMExampleUITests */,
				E62446202BDBFE0600ECCCAD /* Products */,
			);
			sourceTree = "<group>";
		};
		E62446202BDBFE0600ECCCAD /* Products */ = {
			isa = PBXGroup;
			children = (
				E624461F2BDBFE0600ECCCAD /* SPMExample.app */,
				E62446302BDBFE0800ECCCAD /* SPMExampleTests.xctest */,
				E624463A2BDBFE0800ECCCAD /* SPMExampleUITests.xctest */,
			);
			name = Products;
			sourceTree = "<group>";
		};
		E62446212BDBFE0600ECCCAD /* SPMExample */ = {
			isa = PBXGroup;
			children = (
				E624465B2BEAC71900ECCCAD /* Info.plist */,
				E62446222BDBFE0600ECCCAD /* SPMExampleApp.swift */,
				E62446242BDBFE0600ECCCAD /* ContentView.swift */,
				E62446262BDBFE0800ECCCAD /* Assets.xcassets */,
				E62446282BDBFE0800ECCCAD /* SPMExample.entitlements */,
				E62446292BDBFE0800ECCCAD /* Preview Content */,
				E62446592BEAC2AA00ECCCAD /* PermissionsManager.swift */,
			);
			path = SPMExample;
			sourceTree = "<group>";
		};
		E62446292BDBFE0800ECCCAD /* Preview Content */ = {
			isa = PBXGroup;
			children = (
				E624462A2BDBFE0800ECCCAD /* Preview Assets.xcassets */,
			);
			path = "Preview Content";
			sourceTree = "<group>";
		};
		E62446332BDBFE0800ECCCAD /* SPMExampleTests */ = {
			isa = PBXGroup;
			children = (
				E62446342BDBFE0800ECCCAD /* SPMExampleTests.swift */,
			);
			path = SPMExampleTests;
			sourceTree = "<group>";
		};
		E624463D2BDBFE0800ECCCAD /* SPMExampleUITests */ = {
			isa = PBXGroup;
			children = (
				E624463E2BDBFE0800ECCCAD /* SPMExampleUITests.swift */,
				E62446402BDBFE0800ECCCAD /* SPMExampleUITestsLaunchTests.swift */,
			);
			path = SPMExampleUITests;
			sourceTree = "<group>";
		};
/* End PBXGroup section */

/* Begin PBXNativeTarget section */
		E624461E2BDBFE0600ECCCAD /* SPMExample */ = {
			isa = PBXNativeTarget;
			buildConfigurationList = E62446442BDBFE0800ECCCAD /* Build configuration list for PBXNativeTarget "SPMExample" */;
			buildPhases = (
				E624461B2BDBFE0600ECCCAD /* Sources */,
				E624461C2BDBFE0600ECCCAD /* Frameworks */,
				E624461D2BDBFE0600ECCCAD /* Resources */,
			);
			buildRules = (
			);
			dependencies = (
			);
			name = SPMExample;
			packageProductDependencies = (
				E62446A92BED21F700ECCCAD /* RadarSDK */,
			);
			productName = SPMExample;
			productReference = E624461F2BDBFE0600ECCCAD /* SPMExample.app */;
			productType = "com.apple.product-type.application";
		};
		E624462F2BDBFE0800ECCCAD /* SPMExampleTests */ = {
			isa = PBXNativeTarget;
			buildConfigurationList = E62446472BDBFE0800ECCCAD /* Build configuration list for PBXNativeTarget "SPMExampleTests" */;
			buildPhases = (
				E624462C2BDBFE0800ECCCAD /* Sources */,
				E624462D2BDBFE0800ECCCAD /* Frameworks */,
				E624462E2BDBFE0800ECCCAD /* Resources */,
			);
			buildRules = (
			);
			dependencies = (
				E62446322BDBFE0800ECCCAD /* PBXTargetDependency */,
			);
			name = SPMExampleTests;
			productName = SPMExampleTests;
			productReference = E62446302BDBFE0800ECCCAD /* SPMExampleTests.xctest */;
			productType = "com.apple.product-type.bundle.unit-test";
		};
		E62446392BDBFE0800ECCCAD /* SPMExampleUITests */ = {
			isa = PBXNativeTarget;
			buildConfigurationList = E624464A2BDBFE0800ECCCAD /* Build configuration list for PBXNativeTarget "SPMExampleUITests" */;
			buildPhases = (
				E62446362BDBFE0800ECCCAD /* Sources */,
				E62446372BDBFE0800ECCCAD /* Frameworks */,
				E62446382BDBFE0800ECCCAD /* Resources */,
			);
			buildRules = (
			);
			dependencies = (
				E624463C2BDBFE0800ECCCAD /* PBXTargetDependency */,
			);
			name = SPMExampleUITests;
			productName = SPMExampleUITests;
			productReference = E624463A2BDBFE0800ECCCAD /* SPMExampleUITests.xctest */;
			productType = "com.apple.product-type.bundle.ui-testing";
		};
/* End PBXNativeTarget section */

/* Begin PBXProject section */
		E62446172BDBFE0600ECCCAD /* Project object */ = {
			isa = PBXProject;
			attributes = {
				BuildIndependentTargetsInParallel = 1;
				LastSwiftUpdateCheck = 1530;
				LastUpgradeCheck = 1530;
				TargetAttributes = {
					E624461E2BDBFE0600ECCCAD = {
						CreatedOnToolsVersion = 15.3;
					};
					E624462F2BDBFE0800ECCCAD = {
						CreatedOnToolsVersion = 15.3;
						TestTargetID = E624461E2BDBFE0600ECCCAD;
					};
					E62446392BDBFE0800ECCCAD = {
						CreatedOnToolsVersion = 15.3;
						TestTargetID = E624461E2BDBFE0600ECCCAD;
					};
				};
			};
			buildConfigurationList = E624461A2BDBFE0600ECCCAD /* Build configuration list for PBXProject "SPMExample" */;
			compatibilityVersion = "Xcode 14.0";
			developmentRegion = en;
			hasScannedForEncodings = 0;
			knownRegions = (
				en,
				Base,
			);
			mainGroup = E62446162BDBFE0600ECCCAD;
			packageReferences = (
				E62446A82BED21F700ECCCAD /* XCRemoteSwiftPackageReference "radar-sdk-ios" */,
			);
			productRefGroup = E62446202BDBFE0600ECCCAD /* Products */;
			projectDirPath = "";
			projectRoot = "";
			targets = (
				E624461E2BDBFE0600ECCCAD /* SPMExample */,
				E624462F2BDBFE0800ECCCAD /* SPMExampleTests */,
				E62446392BDBFE0800ECCCAD /* SPMExampleUITests */,
			);
		};
/* End PBXProject section */

/* Begin PBXResourcesBuildPhase section */
		E624461D2BDBFE0600ECCCAD /* Resources */ = {
			isa = PBXResourcesBuildPhase;
			buildActionMask = 2147483647;
			files = (
				E624462B2BDBFE0800ECCCAD /* Preview Assets.xcassets in Resources */,
				E62446272BDBFE0800ECCCAD /* Assets.xcassets in Resources */,
			);
			runOnlyForDeploymentPostprocessing = 0;
		};
		E624462E2BDBFE0800ECCCAD /* Resources */ = {
			isa = PBXResourcesBuildPhase;
			buildActionMask = 2147483647;
			files = (
			);
			runOnlyForDeploymentPostprocessing = 0;
		};
		E62446382BDBFE0800ECCCAD /* Resources */ = {
			isa = PBXResourcesBuildPhase;
			buildActionMask = 2147483647;
			files = (
			);
			runOnlyForDeploymentPostprocessing = 0;
		};
/* End PBXResourcesBuildPhase section */

/* Begin PBXSourcesBuildPhase section */
		E624461B2BDBFE0600ECCCAD /* Sources */ = {
			isa = PBXSourcesBuildPhase;
			buildActionMask = 2147483647;
			files = (
				E62446252BDBFE0600ECCCAD /* ContentView.swift in Sources */,
				E624465A2BEAC2AA00ECCCAD /* PermissionsManager.swift in Sources */,
				E62446232BDBFE0600ECCCAD /* SPMExampleApp.swift in Sources */,
			);
			runOnlyForDeploymentPostprocessing = 0;
		};
		E624462C2BDBFE0800ECCCAD /* Sources */ = {
			isa = PBXSourcesBuildPhase;
			buildActionMask = 2147483647;
			files = (
				E62446352BDBFE0800ECCCAD /* SPMExampleTests.swift in Sources */,
			);
			runOnlyForDeploymentPostprocessing = 0;
		};
		E62446362BDBFE0800ECCCAD /* Sources */ = {
			isa = PBXSourcesBuildPhase;
			buildActionMask = 2147483647;
			files = (
				E62446412BDBFE0800ECCCAD /* SPMExampleUITestsLaunchTests.swift in Sources */,
				E624463F2BDBFE0800ECCCAD /* SPMExampleUITests.swift in Sources */,
			);
			runOnlyForDeploymentPostprocessing = 0;
		};
/* End PBXSourcesBuildPhase section */

/* Begin PBXTargetDependency section */
		E62446322BDBFE0800ECCCAD /* PBXTargetDependency */ = {
			isa = PBXTargetDependency;
			target = E624461E2BDBFE0600ECCCAD /* SPMExample */;
			targetProxy = E62446312BDBFE0800ECCCAD /* PBXContainerItemProxy */;
		};
		E624463C2BDBFE0800ECCCAD /* PBXTargetDependency */ = {
			isa = PBXTargetDependency;
			target = E624461E2BDBFE0600ECCCAD /* SPMExample */;
			targetProxy = E624463B2BDBFE0800ECCCAD /* PBXContainerItemProxy */;
		};
/* End PBXTargetDependency section */

/* Begin XCBuildConfiguration section */
		E62446422BDBFE0800ECCCAD /* Debug */ = {
			isa = XCBuildConfiguration;
			buildSettings = {
				ALWAYS_SEARCH_USER_PATHS = NO;
				ASSETCATALOG_COMPILER_GENERATE_SWIFT_ASSET_SYMBOL_EXTENSIONS = YES;
				CLANG_ANALYZER_NONNULL = YES;
				CLANG_ANALYZER_NUMBER_OBJECT_CONVERSION = YES_AGGRESSIVE;
				CLANG_CXX_LANGUAGE_STANDARD = "gnu++20";
				CLANG_ENABLE_MODULES = YES;
				CLANG_ENABLE_OBJC_ARC = YES;
				CLANG_ENABLE_OBJC_WEAK = YES;
				CLANG_WARN_BLOCK_CAPTURE_AUTORELEASING = YES;
				CLANG_WARN_BOOL_CONVERSION = YES;
				CLANG_WARN_COMMA = YES;
				CLANG_WARN_CONSTANT_CONVERSION = YES;
				CLANG_WARN_DEPRECATED_OBJC_IMPLEMENTATIONS = YES;
				CLANG_WARN_DIRECT_OBJC_ISA_USAGE = YES_ERROR;
				CLANG_WARN_DOCUMENTATION_COMMENTS = YES;
				CLANG_WARN_EMPTY_BODY = YES;
				CLANG_WARN_ENUM_CONVERSION = YES;
				CLANG_WARN_INFINITE_RECURSION = YES;
				CLANG_WARN_INT_CONVERSION = YES;
				CLANG_WARN_NON_LITERAL_NULL_CONVERSION = YES;
				CLANG_WARN_OBJC_IMPLICIT_RETAIN_SELF = YES;
				CLANG_WARN_OBJC_LITERAL_CONVERSION = YES;
				CLANG_WARN_OBJC_ROOT_CLASS = YES_ERROR;
				CLANG_WARN_QUOTED_INCLUDE_IN_FRAMEWORK_HEADER = YES;
				CLANG_WARN_RANGE_LOOP_ANALYSIS = YES;
				CLANG_WARN_STRICT_PROTOTYPES = YES;
				CLANG_WARN_SUSPICIOUS_MOVE = YES;
				CLANG_WARN_UNGUARDED_AVAILABILITY = YES_AGGRESSIVE;
				CLANG_WARN_UNREACHABLE_CODE = YES;
				CLANG_WARN__DUPLICATE_METHOD_MATCH = YES;
				COPY_PHASE_STRIP = NO;
				DEBUG_INFORMATION_FORMAT = dwarf;
				ENABLE_STRICT_OBJC_MSGSEND = YES;
				ENABLE_TESTABILITY = YES;
				ENABLE_USER_SCRIPT_SANDBOXING = YES;
				GCC_C_LANGUAGE_STANDARD = gnu17;
				GCC_DYNAMIC_NO_PIC = NO;
				GCC_NO_COMMON_BLOCKS = YES;
				GCC_OPTIMIZATION_LEVEL = 0;
				GCC_PREPROCESSOR_DEFINITIONS = (
					"DEBUG=1",
					"$(inherited)",
				);
				GCC_WARN_64_TO_32_BIT_CONVERSION = YES;
				GCC_WARN_ABOUT_RETURN_TYPE = YES_ERROR;
				GCC_WARN_UNDECLARED_SELECTOR = YES;
				GCC_WARN_UNINITIALIZED_AUTOS = YES_AGGRESSIVE;
				GCC_WARN_UNUSED_FUNCTION = YES;
				GCC_WARN_UNUSED_VARIABLE = YES;
				LOCALIZATION_PREFERS_STRING_CATALOGS = YES;
				MTL_ENABLE_DEBUG_INFO = INCLUDE_SOURCE;
				MTL_FAST_MATH = YES;
				ONLY_ACTIVE_ARCH = YES;
				SWIFT_ACTIVE_COMPILATION_CONDITIONS = "DEBUG $(inherited)";
				SWIFT_OPTIMIZATION_LEVEL = "-Onone";
			};
			name = Debug;
		};
		E62446432BDBFE0800ECCCAD /* Release */ = {
			isa = XCBuildConfiguration;
			buildSettings = {
				ALWAYS_SEARCH_USER_PATHS = NO;
				ASSETCATALOG_COMPILER_GENERATE_SWIFT_ASSET_SYMBOL_EXTENSIONS = YES;
				CLANG_ANALYZER_NONNULL = YES;
				CLANG_ANALYZER_NUMBER_OBJECT_CONVERSION = YES_AGGRESSIVE;
				CLANG_CXX_LANGUAGE_STANDARD = "gnu++20";
				CLANG_ENABLE_MODULES = YES;
				CLANG_ENABLE_OBJC_ARC = YES;
				CLANG_ENABLE_OBJC_WEAK = YES;
				CLANG_WARN_BLOCK_CAPTURE_AUTORELEASING = YES;
				CLANG_WARN_BOOL_CONVERSION = YES;
				CLANG_WARN_COMMA = YES;
				CLANG_WARN_CONSTANT_CONVERSION = YES;
				CLANG_WARN_DEPRECATED_OBJC_IMPLEMENTATIONS = YES;
				CLANG_WARN_DIRECT_OBJC_ISA_USAGE = YES_ERROR;
				CLANG_WARN_DOCUMENTATION_COMMENTS = YES;
				CLANG_WARN_EMPTY_BODY = YES;
				CLANG_WARN_ENUM_CONVERSION = YES;
				CLANG_WARN_INFINITE_RECURSION = YES;
				CLANG_WARN_INT_CONVERSION = YES;
				CLANG_WARN_NON_LITERAL_NULL_CONVERSION = YES;
				CLANG_WARN_OBJC_IMPLICIT_RETAIN_SELF = YES;
				CLANG_WARN_OBJC_LITERAL_CONVERSION = YES;
				CLANG_WARN_OBJC_ROOT_CLASS = YES_ERROR;
				CLANG_WARN_QUOTED_INCLUDE_IN_FRAMEWORK_HEADER = YES;
				CLANG_WARN_RANGE_LOOP_ANALYSIS = YES;
				CLANG_WARN_STRICT_PROTOTYPES = YES;
				CLANG_WARN_SUSPICIOUS_MOVE = YES;
				CLANG_WARN_UNGUARDED_AVAILABILITY = YES_AGGRESSIVE;
				CLANG_WARN_UNREACHABLE_CODE = YES;
				CLANG_WARN__DUPLICATE_METHOD_MATCH = YES;
				COPY_PHASE_STRIP = NO;
				DEBUG_INFORMATION_FORMAT = "dwarf-with-dsym";
				ENABLE_NS_ASSERTIONS = NO;
				ENABLE_STRICT_OBJC_MSGSEND = YES;
				ENABLE_USER_SCRIPT_SANDBOXING = YES;
				GCC_C_LANGUAGE_STANDARD = gnu17;
				GCC_NO_COMMON_BLOCKS = YES;
				GCC_WARN_64_TO_32_BIT_CONVERSION = YES;
				GCC_WARN_ABOUT_RETURN_TYPE = YES_ERROR;
				GCC_WARN_UNDECLARED_SELECTOR = YES;
				GCC_WARN_UNINITIALIZED_AUTOS = YES_AGGRESSIVE;
				GCC_WARN_UNUSED_FUNCTION = YES;
				GCC_WARN_UNUSED_VARIABLE = YES;
				LOCALIZATION_PREFERS_STRING_CATALOGS = YES;
				MTL_ENABLE_DEBUG_INFO = NO;
				MTL_FAST_MATH = YES;
				SWIFT_COMPILATION_MODE = wholemodule;
			};
			name = Release;
		};
		E62446452BDBFE0800ECCCAD /* Debug */ = {
			isa = XCBuildConfiguration;
			buildSettings = {
				ASSETCATALOG_COMPILER_APPICON_NAME = AppIcon;
				ASSETCATALOG_COMPILER_GLOBAL_ACCENT_COLOR_NAME = AccentColor;
				CODE_SIGN_ENTITLEMENTS = SPMExample/SPMExample.entitlements;
				CODE_SIGN_STYLE = Automatic;
				CURRENT_PROJECT_VERSION = 1;
				DEVELOPMENT_ASSET_PATHS = "\"SPMExample/Preview Content\"";
				DEVELOPMENT_TEAM = 96GHH65B9D;
				ENABLE_HARDENED_RUNTIME = YES;
				ENABLE_PREVIEWS = YES;
				GENERATE_INFOPLIST_FILE = YES;
				INFOPLIST_FILE = SPMExample/Info.plist;
				INFOPLIST_KEY_NSLocationWhenInUseUsageDescription = "Location pls";
				"INFOPLIST_KEY_UIApplicationSceneManifest_Generation[sdk=iphoneos*]" = YES;
				"INFOPLIST_KEY_UIApplicationSceneManifest_Generation[sdk=iphonesimulator*]" = YES;
				"INFOPLIST_KEY_UIApplicationSupportsIndirectInputEvents[sdk=iphoneos*]" = YES;
				"INFOPLIST_KEY_UIApplicationSupportsIndirectInputEvents[sdk=iphonesimulator*]" = YES;
				"INFOPLIST_KEY_UILaunchScreen_Generation[sdk=iphoneos*]" = YES;
				"INFOPLIST_KEY_UILaunchScreen_Generation[sdk=iphonesimulator*]" = YES;
				"INFOPLIST_KEY_UIStatusBarStyle[sdk=iphoneos*]" = UIStatusBarStyleDefault;
				"INFOPLIST_KEY_UIStatusBarStyle[sdk=iphonesimulator*]" = UIStatusBarStyleDefault;
				INFOPLIST_KEY_UISupportedInterfaceOrientations_iPad = "UIInterfaceOrientationPortrait UIInterfaceOrientationPortraitUpsideDown UIInterfaceOrientationLandscapeLeft UIInterfaceOrientationLandscapeRight";
				INFOPLIST_KEY_UISupportedInterfaceOrientations_iPhone = "UIInterfaceOrientationPortrait UIInterfaceOrientationLandscapeLeft UIInterfaceOrientationLandscapeRight";
				IPHONEOS_DEPLOYMENT_TARGET = 17.0;
				LD_RUNPATH_SEARCH_PATHS = "@executable_path/Frameworks";
				"LD_RUNPATH_SEARCH_PATHS[sdk=macosx*]" = "@executable_path/../Frameworks";
				MACOSX_DEPLOYMENT_TARGET = 14.4;
				MARKETING_VERSION = 1.0;
				PRODUCT_BUNDLE_IDENTIFIER = RadarLabs.SPMExample;
				PRODUCT_NAME = "$(TARGET_NAME)";
				SDKROOT = auto;
				SUPPORTED_PLATFORMS = "iphoneos iphonesimulator macosx";
				SWIFT_EMIT_LOC_STRINGS = YES;
				SWIFT_VERSION = 5.0;
				TARGETED_DEVICE_FAMILY = "1,2";
			};
			name = Debug;
		};
		E62446462BDBFE0800ECCCAD /* Release */ = {
			isa = XCBuildConfiguration;
			buildSettings = {
				ASSETCATALOG_COMPILER_APPICON_NAME = AppIcon;
				ASSETCATALOG_COMPILER_GLOBAL_ACCENT_COLOR_NAME = AccentColor;
				CODE_SIGN_ENTITLEMENTS = SPMExample/SPMExample.entitlements;
				CODE_SIGN_STYLE = Automatic;
				CURRENT_PROJECT_VERSION = 1;
				DEVELOPMENT_ASSET_PATHS = "\"SPMExample/Preview Content\"";
				DEVELOPMENT_TEAM = 96GHH65B9D;
				ENABLE_HARDENED_RUNTIME = YES;
				ENABLE_PREVIEWS = YES;
				GENERATE_INFOPLIST_FILE = YES;
				INFOPLIST_FILE = SPMExample/Info.plist;
				INFOPLIST_KEY_NSLocationWhenInUseUsageDescription = "Location pls";
				"INFOPLIST_KEY_UIApplicationSceneManifest_Generation[sdk=iphoneos*]" = YES;
				"INFOPLIST_KEY_UIApplicationSceneManifest_Generation[sdk=iphonesimulator*]" = YES;
				"INFOPLIST_KEY_UIApplicationSupportsIndirectInputEvents[sdk=iphoneos*]" = YES;
				"INFOPLIST_KEY_UIApplicationSupportsIndirectInputEvents[sdk=iphonesimulator*]" = YES;
				"INFOPLIST_KEY_UILaunchScreen_Generation[sdk=iphoneos*]" = YES;
				"INFOPLIST_KEY_UILaunchScreen_Generation[sdk=iphonesimulator*]" = YES;
				"INFOPLIST_KEY_UIStatusBarStyle[sdk=iphoneos*]" = UIStatusBarStyleDefault;
				"INFOPLIST_KEY_UIStatusBarStyle[sdk=iphonesimulator*]" = UIStatusBarStyleDefault;
				INFOPLIST_KEY_UISupportedInterfaceOrientations_iPad = "UIInterfaceOrientationPortrait UIInterfaceOrientationPortraitUpsideDown UIInterfaceOrientationLandscapeLeft UIInterfaceOrientationLandscapeRight";
				INFOPLIST_KEY_UISupportedInterfaceOrientations_iPhone = "UIInterfaceOrientationPortrait UIInterfaceOrientationLandscapeLeft UIInterfaceOrientationLandscapeRight";
				IPHONEOS_DEPLOYMENT_TARGET = 17.0;
				LD_RUNPATH_SEARCH_PATHS = "@executable_path/Frameworks";
				"LD_RUNPATH_SEARCH_PATHS[sdk=macosx*]" = "@executable_path/../Frameworks";
				MACOSX_DEPLOYMENT_TARGET = 14.4;
				MARKETING_VERSION = 1.0;
				PRODUCT_BUNDLE_IDENTIFIER = RadarLabs.SPMExample;
				PRODUCT_NAME = "$(TARGET_NAME)";
				SDKROOT = auto;
				SUPPORTED_PLATFORMS = "iphoneos iphonesimulator macosx";
				SWIFT_EMIT_LOC_STRINGS = YES;
				SWIFT_VERSION = 5.0;
				TARGETED_DEVICE_FAMILY = "1,2";
			};
			name = Release;
		};
		E62446482BDBFE0800ECCCAD /* Debug */ = {
			isa = XCBuildConfiguration;
			buildSettings = {
				ALWAYS_EMBED_SWIFT_STANDARD_LIBRARIES = YES;
				BUNDLE_LOADER = "$(TEST_HOST)";
				CODE_SIGN_STYLE = Automatic;
				CURRENT_PROJECT_VERSION = 1;
				DEVELOPMENT_TEAM = 96GHH65B9D;
				GENERATE_INFOPLIST_FILE = YES;
				IPHONEOS_DEPLOYMENT_TARGET = 17.4;
				MACOSX_DEPLOYMENT_TARGET = 14.4;
				MARKETING_VERSION = 1.0;
				PRODUCT_BUNDLE_IDENTIFIER = RadarLabs.SPMExampleTests;
				PRODUCT_NAME = "$(TARGET_NAME)";
				SDKROOT = auto;
				SUPPORTED_PLATFORMS = "iphoneos iphonesimulator macosx";
				SWIFT_EMIT_LOC_STRINGS = NO;
				SWIFT_VERSION = 5.0;
				TARGETED_DEVICE_FAMILY = "1,2";
				TEST_HOST = "$(BUILT_PRODUCTS_DIR)/SPMExample.app/$(BUNDLE_EXECUTABLE_FOLDER_PATH)/SPMExample";
			};
			name = Debug;
		};
		E62446492BDBFE0800ECCCAD /* Release */ = {
			isa = XCBuildConfiguration;
			buildSettings = {
				ALWAYS_EMBED_SWIFT_STANDARD_LIBRARIES = YES;
				BUNDLE_LOADER = "$(TEST_HOST)";
				CODE_SIGN_STYLE = Automatic;
				CURRENT_PROJECT_VERSION = 1;
				DEVELOPMENT_TEAM = 96GHH65B9D;
				GENERATE_INFOPLIST_FILE = YES;
				IPHONEOS_DEPLOYMENT_TARGET = 17.4;
				MACOSX_DEPLOYMENT_TARGET = 14.4;
				MARKETING_VERSION = 1.0;
				PRODUCT_BUNDLE_IDENTIFIER = RadarLabs.SPMExampleTests;
				PRODUCT_NAME = "$(TARGET_NAME)";
				SDKROOT = auto;
				SUPPORTED_PLATFORMS = "iphoneos iphonesimulator macosx";
				SWIFT_EMIT_LOC_STRINGS = NO;
				SWIFT_VERSION = 5.0;
				TARGETED_DEVICE_FAMILY = "1,2";
				TEST_HOST = "$(BUILT_PRODUCTS_DIR)/SPMExample.app/$(BUNDLE_EXECUTABLE_FOLDER_PATH)/SPMExample";
			};
			name = Release;
		};
		E624464B2BDBFE0800ECCCAD /* Debug */ = {
			isa = XCBuildConfiguration;
			buildSettings = {
				ALWAYS_EMBED_SWIFT_STANDARD_LIBRARIES = YES;
				CODE_SIGN_STYLE = Automatic;
				CURRENT_PROJECT_VERSION = 1;
				DEVELOPMENT_TEAM = 96GHH65B9D;
				GENERATE_INFOPLIST_FILE = YES;
				IPHONEOS_DEPLOYMENT_TARGET = 17.4;
				MACOSX_DEPLOYMENT_TARGET = 14.4;
				MARKETING_VERSION = 1.0;
				PRODUCT_BUNDLE_IDENTIFIER = RadarLabs.SPMExampleUITests;
				PRODUCT_NAME = "$(TARGET_NAME)";
				SDKROOT = auto;
				SUPPORTED_PLATFORMS = "iphoneos iphonesimulator macosx";
				SWIFT_EMIT_LOC_STRINGS = NO;
				SWIFT_VERSION = 5.0;
				TARGETED_DEVICE_FAMILY = "1,2";
				TEST_TARGET_NAME = SPMExample;
			};
			name = Debug;
		};
		E624464C2BDBFE0800ECCCAD /* Release */ = {
			isa = XCBuildConfiguration;
			buildSettings = {
				ALWAYS_EMBED_SWIFT_STANDARD_LIBRARIES = YES;
				CODE_SIGN_STYLE = Automatic;
				CURRENT_PROJECT_VERSION = 1;
				DEVELOPMENT_TEAM = 96GHH65B9D;
				GENERATE_INFOPLIST_FILE = YES;
				IPHONEOS_DEPLOYMENT_TARGET = 17.4;
				MACOSX_DEPLOYMENT_TARGET = 14.4;
				MARKETING_VERSION = 1.0;
				PRODUCT_BUNDLE_IDENTIFIER = RadarLabs.SPMExampleUITests;
				PRODUCT_NAME = "$(TARGET_NAME)";
				SDKROOT = auto;
				SUPPORTED_PLATFORMS = "iphoneos iphonesimulator macosx";
				SWIFT_EMIT_LOC_STRINGS = NO;
				SWIFT_VERSION = 5.0;
				TARGETED_DEVICE_FAMILY = "1,2";
				TEST_TARGET_NAME = SPMExample;
			};
			name = Release;
		};
/* End XCBuildConfiguration section */

/* Begin XCConfigurationList section */
		E624461A2BDBFE0600ECCCAD /* Build configuration list for PBXProject "SPMExample" */ = {
			isa = XCConfigurationList;
			buildConfigurations = (
				E62446422BDBFE0800ECCCAD /* Debug */,
				E62446432BDBFE0800ECCCAD /* Release */,
			);
			defaultConfigurationIsVisible = 0;
			defaultConfigurationName = Release;
		};
		E62446442BDBFE0800ECCCAD /* Build configuration list for PBXNativeTarget "SPMExample" */ = {
			isa = XCConfigurationList;
			buildConfigurations = (
				E62446452BDBFE0800ECCCAD /* Debug */,
				E62446462BDBFE0800ECCCAD /* Release */,
			);
			defaultConfigurationIsVisible = 0;
			defaultConfigurationName = Release;
		};
		E62446472BDBFE0800ECCCAD /* Build configuration list for PBXNativeTarget "SPMExampleTests" */ = {
			isa = XCConfigurationList;
			buildConfigurations = (
				E62446482BDBFE0800ECCCAD /* Debug */,
				E62446492BDBFE0800ECCCAD /* Release */,
			);
			defaultConfigurationIsVisible = 0;
			defaultConfigurationName = Release;
		};
		E624464A2BDBFE0800ECCCAD /* Build configuration list for PBXNativeTarget "SPMExampleUITests" */ = {
			isa = XCConfigurationList;
			buildConfigurations = (
				E624464B2BDBFE0800ECCCAD /* Debug */,
				E624464C2BDBFE0800ECCCAD /* Release */,
			);
			defaultConfigurationIsVisible = 0;
			defaultConfigurationName = Release;
		};
/* End XCConfigurationList section */

/* Begin XCRemoteSwiftPackageReference section */
		E62446A82BED21F700ECCCAD /* XCRemoteSwiftPackageReference "radar-sdk-ios" */ = {
			isa = XCRemoteSwiftPackageReference;
			repositoryURL = "https://github.com/radarlabs/radar-sdk-ios.git";
			requirement = {
				branch = "kennyhu/fence-1912-better-abstraction-for-permissions-handling";
				kind = branch;
			};
		};
/* End XCRemoteSwiftPackageReference section */

/* Begin XCSwiftPackageProductDependency section */
		E62446A92BED21F700ECCCAD /* RadarSDK */ = {
			isa = XCSwiftPackageProductDependency;
			package = E62446A82BED21F700ECCCAD /* XCRemoteSwiftPackageReference "radar-sdk-ios" */;
			productName = RadarSDK;
		};
/* End XCSwiftPackageProductDependency section */
	};
	rootObject = E62446172BDBFE0600ECCCAD /* Project object */;
}
